{
  "nodes": {
    "filter": {
      "locked": {
        "lastModified": 1757882181,
        "narHash": "sha256-+cCxYIh2UNalTz364p+QYmWHs0P+6wDhiWR4jDIKQIU=",
        "owner": "numtide",
        "repo": "nix-filter",
        "rev": "59c44d1909c72441144b93cf0f054be7fe764de5",
        "type": "github"
      },
      "original": {
        "owner": "numtide",
        "repo": "nix-filter",
        "type": "github"
      }
    },
    "nixpkgs": {
      "locked": {
        "lastModified": 1776687080,
        "narHash": "sha256-dQMaKVTduQjLynbHxCZFH9DfOLbvX/Ft/CNIDBgPQHk=",
        "owner": "NixOS",
        "repo": "nixpkgs",
        "rev": "77acdadfd32b4a5c8648db2be75d2dfcecc79cad",
        "type": "github"
      },
      "original": {
        "owner": "NixOS",
        "repo": "nixpkgs",
        "type": "github"
      }
    },
    "quickshell": {
      "inputs": {
        "nixpkgs": [
          "nixpkgs"
        ]
      },
      "locked": {
        "lastModified": 1776589301,
        "narHash": "sha256-3g+BPNYwKrjOtBaQi1cLBEtLKtDLZAS01gFd6/ybtlE=",
        "ref": "refs/heads/master",
        "rev": "9a54119893bdd30fec628063322bc726f96afc1f",
        "revCount": 803,
        "type": "git",
        "url": "https://git.outfoxxed.me/outfoxxed/quickshell"
      },
      "original": {
        "type": "git",
        "url": "https://git.outfoxxed.me/outfoxxed/quickshell"
      }
    },
    "root": {
      "inputs": {
        "filter": "filter",
        "nixpkgs": "nixpkgs",
        "quickshell": "quickshell"
      }
    }
  },
  "root": "root",
  "version": 7
}
